
Microsoft Visual Studio Solution File, Format Version 12.00
# Visual Studio Version 16
VisualStudioVersion = 16.0.30128.74
MinimumVisualStudioVersion = 10.0.40219.1
Project("{FAE04EC0-301F-11D3-BF4B-00C04F79EFBC}") = "pryPresentacion", "pryPresentacion\pryPresentacion.csproj", "{D875459D-6E90-4A1F-B92D-5F32DD790423}"
EndProject
Project("{2150E333-8FDC-42A3-9474-1A3956D46DE8}") = "Capa_Presentacion", "Capa_Presentacion", "{C1B7682F-2F67-4ACF-A4F4-DF58C6A879D2}"
EndProject
Global
	GlobalSection(SolutionConfigurationPlatforms) = preSolution
		Debug|Any CPU = Debug|Any CPU
		Release|Any CPU = Release|Any CPU
	EndGlobalSection
	GlobalSection(ProjectConfigurationPlatforms) = postSolution
		{D875459D-6E90-4A1F-B92D-5F32DD790423}.Debug|Any CPU.ActiveCfg = Debug|Any CPU
		{D875459D-6E90-4A1F-B92D-5F32DD790423}.Debug|Any CPU.Build.0 = Debug|Any CPU
		{D875459D-6E90-4A1F-B92D-5F32DD790423}.Release|Any CPU.ActiveCfg = Release|Any CPU
		{D875459D-6E90-4A1F-B92D-5F32DD790423}.Release|Any CPU.Build.0 = Release|Any CPU
	EndGlobalSection
	GlobalSection(SolutionProperties) = preSolution
		HideSolutionNode = FALSE
	EndGlobalSection
	GlobalSection(NestedProjects) = preSolution
		{D875459D-6E90-4A1F-B92D-5F32DD790423} = {C1B7682F-2F67-4ACF-A4F4-DF58C6A879D2}
	EndGlobalSection
	GlobalSection(ExtensibilityGlobals) = postSolution
		SolutionGuid = {B6D86C60-FB79-4F55-B026-91E76BE28B4D}
	EndGlobalSection
EndGlobal
